
Microsoft Visual Studio Solution File, Format Version 12.00
# Visual Studio Version 17
VisualStudioVersion = 17.0.32112.339
MinimumVisualStudioVersion = 10.0.40219.1
Project("{FAE04EC0-301F-11D3-BF4B-00C04F79EFBC}") = "ConsoleApp", "src\ConsoleApp\ConsoleApp.csproj", "{6B0D8FCD-8FF2-4E64-B8CB-625BBBCCBC13}"
EndProject
Project("{2150E333-8FDC-42A3-9474-1A3956D46DE8}") = "src", "src", "{948467CB-9BE6-4141-922D-FFE8BF62B923}"
EndProject
Project("{2150E333-8FDC-42A3-9474-1A3956D46DE8}") = "tests", "tests", "{E6A4E654-6426-49B9-BE49-0171F7112A74}"
EndProject
Project("{FAE04EC0-301F-11D3-BF4B-00C04F79EFBC}") = "Core", "src\Core\Core.csproj", "{1863BF87-383C-43CC-AB07-66222EE857DC}"
EndProject
Project("{FAE04EC0-301F-11D3-BF4B-00C04F79EFBC}") = "Specifications", "tests\Specifications\Specifications.csproj", "{60C94D05-5DAF-4580-A13F-91E67292EAA9}"
EndProject
Global
	GlobalSection(SolutionConfigurationPlatforms) = preSolution
		Debug|Any CPU = Debug|Any CPU
		Release|Any CPU = Release|Any CPU
	EndGlobalSection
	GlobalSection(ProjectConfigurationPlatforms) = postSolution
		{6B0D8FCD-8FF2-4E64-B8CB-625BBBCCBC13}.Debug|Any CPU.ActiveCfg = Debug|Any CPU
		{6B0D8FCD-8FF2-4E64-B8CB-625BBBCCBC13}.Debug|Any CPU.Build.0 = Debug|Any CPU
		{6B0D8FCD-8FF2-4E64-B8CB-625BBBCCBC13}.Release|Any CPU.ActiveCfg = Release|Any CPU
		{6B0D8FCD-8FF2-4E64-B8CB-625BBBCCBC13}.Release|Any CPU.Build.0 = Release|Any CPU
		{1863BF87-383C-43CC-AB07-66222EE857DC}.Debug|Any CPU.ActiveCfg = Debug|Any CPU
		{1863BF87-383C-43CC-AB07-66222EE857DC}.Debug|Any CPU.Build.0 = Debug|Any CPU
		{1863BF87-383C-43CC-AB07-66222EE857DC}.Release|Any CPU.ActiveCfg = Release|Any CPU
		{1863BF87-383C-43CC-AB07-66222EE857DC}.Release|Any CPU.Build.0 = Release|Any CPU
		{60C94D05-5DAF-4580-A13F-91E67292EAA9}.Debug|Any CPU.ActiveCfg = Debug|Any CPU
		{60C94D05-5DAF-4580-A13F-91E67292EAA9}.Debug|Any CPU.Build.0 = Debug|Any CPU
		{60C94D05-5DAF-4580-A13F-91E67292EAA9}.Release|Any CPU.ActiveCfg = Release|Any CPU
		{60C94D05-5DAF-4580-A13F-91E67292EAA9}.Release|Any CPU.Build.0 = Release|Any CPU
	EndGlobalSection
	GlobalSection(SolutionProperties) = preSolution
		HideSolutionNode = FALSE
	EndGlobalSection
	GlobalSection(NestedProjects) = preSolution
		{6B0D8FCD-8FF2-4E64-B8CB-625BBBCCBC13} = {948467CB-9BE6-4141-922D-FFE8BF62B923}
		{1863BF87-383C-43CC-AB07-66222EE857DC} = {948467CB-9BE6-4141-922D-FFE8BF62B923}
		{60C94D05-5DAF-4580-A13F-91E67292EAA9} = {E6A4E654-6426-49B9-BE49-0171F7112A74}
	EndGlobalSection
	GlobalSection(ExtensibilityGlobals) = postSolution
		SolutionGuid = {5CCB29B1-11F3-479E-8ADE-B3A9324EF51B}
	EndGlobalSection
EndGlobal
